{
  "requires": true,
  "lockfileVersion": 1,
  "dependencies": {
    "common": {
      "version": "0.2.5",
      "resolved": "https://registry.npmjs.org/common/-/common-0.2.5.tgz",
      "integrity": "sha1-PHGC9ni9HjaBzVzDSMdZ/o3SI5Q="
    },
    "websock": {
      "version": "0.3.19",
      "resolved": "https://registry.npmjs.org/websock/-/websock-0.3.19.tgz",
      "integrity": "sha1-Yv8qNPY00qSuvtWUXEQsAxioqtM=",
      "requires": {
        "common": ">=0.2.0"
      }
    }
  }
}
